
Microsoft Visual Studio Solution File, Format Version 12.00
# Visual Studio 15
Project("{FAE04EC0-301F-11D3-BF4B-00C04F79EFBC}") = "Laboratorio_5_OOP_201902", "Laboratorio_5_OOP_201902.csproj", "{53D9B72E-1FF9-4916-9192-A51D02E69383}"
EndProject
Global
	GlobalSection(SolutionConfigurationPlatforms) = preSolution
		Debug|Any CPU = Debug|Any CPU
		Release|Any CPU = Release|Any CPU
	EndGlobalSection
	GlobalSection(ProjectConfigurationPlatforms) = postSolution
		{53D9B72E-1FF9-4916-9192-A51D02E69383}.Debug|Any CPU.ActiveCfg = Debug|Any CPU
		{53D9B72E-1FF9-4916-9192-A51D02E69383}.Debug|Any CPU.Build.0 = Debug|Any CPU
		{53D9B72E-1FF9-4916-9192-A51D02E69383}.Release|Any CPU.ActiveCfg = Release|Any CPU
		{53D9B72E-1FF9-4916-9192-A51D02E69383}.Release|Any CPU.Build.0 = Release|Any CPU
	EndGlobalSection
EndGlobal
